
Microsoft Visual Studio Solution File, Format Version 12.00
# Visual Studio Version 17
VisualStudioVersion = 17.1.32421.90
MinimumVisualStudioVersion = 10.0.40219.1
Project("{FAE04EC0-301F-11D3-BF4B-00C04F79EFBC}") = "CAQueueUsingStack", "CAQueueUsingStack\CAQueueUsingStack.csproj", "{6885BD79-642E-4513-8E75-54F8298DFA8A}"
EndProject
Global
	GlobalSection(SolutionConfigurationPlatforms) = preSolution
		Debug|Any CPU = Debug|Any CPU
		Release|Any CPU = Release|Any CPU
	EndGlobalSection
	GlobalSection(ProjectConfigurationPlatforms) = postSolution
		{6885BD79-642E-4513-8E75-54F8298DFA8A}.Debug|Any CPU.ActiveCfg = Debug|Any CPU
		{6885BD79-642E-4513-8E75-54F8298DFA8A}.Debug|Any CPU.Build.0 = Debug|Any CPU
		{6885BD79-642E-4513-8E75-54F8298DFA8A}.Release|Any CPU.ActiveCfg = Release|Any CPU
		{6885BD79-642E-4513-8E75-54F8298DFA8A}.Release|Any CPU.Build.0 = Release|Any CPU
	EndGlobalSection
	GlobalSection(SolutionProperties) = preSolution
		HideSolutionNode = FALSE
	EndGlobalSection
	GlobalSection(ExtensibilityGlobals) = postSolution
		SolutionGuid = {27C71A78-237B-41D9-B47B-F8F50280B17E}
	EndGlobalSection
EndGlobal
